{
  "name": "ustvgo",
  "lockfileVersion": 2,
  "requires": true,
  "packages": {
    "": {
      "dependencies": {
        "date-fns": "^2.22.1",
        "date-fns-tz": "^1.1.4",
        "node-fetch": "^2.6.1"
      }
    },
    "node_modules/date-fns": {
      "version": "2.22.1",
      "resolved": "https://registry.npmjs.org/date-fns/-/date-fns-2.22.1.tgz",
      "integrity": "sha512-yUFPQjrxEmIsMqlHhAhmxkuH769baF21Kk+nZwZGyrMoyLA+LugaQtC0+Tqf9CBUUULWwUJt6Q5ySI3LJDDCGg==",
      "engines": {
        "node": ">=0.11"
      }
    },
    "node_modules/date-fns-tz": {
      "version": "1.1.4",
      "resolved": "https://registry.npmjs.org/date-fns-tz/-/date-fns-tz-1.1.4.tgz",
      "integrity": "sha512-lQ+FF7xUxxRuRqIY7H/lagnT3PhhSnnvtGHzjE5WZKwRyLU7glJfLys05SZ7zHlEr6RXWiqkmgWq4nCkcElR+g==",
      "peerDependencies": {
        "date-fns": ">=2.0.0-alpha.13"
      }
    },
    "node_modules/node-fetch": {
      "version": "2.6.1",
      "resolved": "https://registry.npmjs.org/node-fetch/-/node-fetch-2.6.1.tgz",
      "integrity": "sha512-V4aYg89jEoVRxRb2fJdAg8FHvI7cEyYdVAh94HH0UIK8oJxUfkjlDQN9RbMx+bEjP7+ggMiFRprSti032Oipxw==",
      "engines": {
        "node": "4.x || >=6.0.0"
      }
    }
  },
  "dependencies": {
    "date-fns": {
      "version": "2.22.1",
      "resolved": "https://registry.npmjs.org/date-fns/-/date-fns-2.22.1.tgz",
      "integrity": "sha512-yUFPQjrxEmIsMqlHhAhmxkuH769baF21Kk+nZwZGyrMoyLA+LugaQtC0+Tqf9CBUUULWwUJt6Q5ySI3LJDDCGg=="
    },
    "date-fns-tz": {
      "version": "1.1.4",
      "resolved": "https://registry.npmjs.org/date-fns-tz/-/date-fns-tz-1.1.4.tgz",
      "integrity": "sha512-lQ+FF7xUxxRuRqIY7H/lagnT3PhhSnnvtGHzjE5WZKwRyLU7glJfLys05SZ7zHlEr6RXWiqkmgWq4nCkcElR+g==",
      "requires": {}
    },
    "node-fetch": {
      "version": "2.6.1",
      "resolved": "https://registry.npmjs.org/node-fetch/-/node-fetch-2.6.1.tgz",
      "integrity": "sha512-V4aYg89jEoVRxRb2fJdAg8FHvI7cEyYdVAh94HH0UIK8oJxUfkjlDQN9RbMx+bEjP7+ggMiFRprSti032Oipxw=="
    }
  }
}
